
Microsoft Visual Studio Solution File, Format Version 12.00
# Visual Studio Version 17
VisualStudioVersion = 17.5.33530.505
MinimumVisualStudioVersion = 10.0.40219.1
Project("{2150E333-8FDC-42A3-9474-1A3956D46DE8}") = "build", "build", "{E3E8C576-5794-40EA-9F1B-FDE81DEA965D}"
	ProjectSection(SolutionItems) = preProject
		build\azure-pipelines-dev.yml = build\azure-pipelines-dev.yml
		build\azure-pipelines-main.yml = build\azure-pipelines-main.yml
	EndProjectSection
EndProject
Project("{2150E333-8FDC-42A3-9474-1A3956D46DE8}") = "misc", "misc", "{F2D784E0-FEE5-4F5A-813B-1D34E9D29953}"
	ProjectSection(SolutionItems) = preProject
		misc\changelog.txt = misc\changelog.txt
		misc\todo.txt = misc\todo.txt
	EndProjectSection
EndProject
Project("{2150E333-8FDC-42A3-9474-1A3956D46DE8}") = "nuget", "nuget", "{83A03F14-CF63-4815-A66C-69F90F78B9F8}"
	ProjectSection(SolutionItems) = preProject
		nuget\TauCode.Messaging.NetMQ.nuspec = nuget\TauCode.Messaging.NetMQ.nuspec
	EndProjectSection
EndProject
Project("{2150E333-8FDC-42A3-9474-1A3956D46DE8}") = "src", "src", "{0D9F2198-CD92-4699-9C3A-E7C21C9DD71F}"
EndProject
Project("{2150E333-8FDC-42A3-9474-1A3956D46DE8}") = "test", "test", "{8D78B27B-6785-4642-8AAE-6E0FF50CA77A}"
EndProject
Project("{FAE04EC0-301F-11D3-BF4B-00C04F79EFBC}") = "TauCode.Messaging.NetMQ", "src\TauCode.Messaging.NetMQ\TauCode.Messaging.NetMQ.csproj", "{8E29E59F-9C2E-40B6-8642-FF46770B522F}"
EndProject
Project("{FAE04EC0-301F-11D3-BF4B-00C04F79EFBC}") = "TauCode.Messaging.NetMQ.Tests", "test\TauCode.Messaging.NetMQ.Tests\TauCode.Messaging.NetMQ.Tests.csproj", "{DCFB08B3-ED46-49EC-8818-7532B1A2121E}"
EndProject
Global
	GlobalSection(SolutionConfigurationPlatforms) = preSolution
		Debug|Any CPU = Debug|Any CPU
		Release|Any CPU = Release|Any CPU
	EndGlobalSection
	GlobalSection(ProjectConfigurationPlatforms) = postSolution
		{8E29E59F-9C2E-40B6-8642-FF46770B522F}.Debug|Any CPU.ActiveCfg = Debug|Any CPU
		{8E29E59F-9C2E-40B6-8642-FF46770B522F}.Debug|Any CPU.Build.0 = Debug|Any CPU
		{8E29E59F-9C2E-40B6-8642-FF46770B522F}.Release|Any CPU.ActiveCfg = Release|Any CPU
		{8E29E59F-9C2E-40B6-8642-FF46770B522F}.Release|Any CPU.Build.0 = Release|Any CPU
		{DCFB08B3-ED46-49EC-8818-7532B1A2121E}.Debug|Any CPU.ActiveCfg = Debug|Any CPU
		{DCFB08B3-ED46-49EC-8818-7532B1A2121E}.Debug|Any CPU.Build.0 = Debug|Any CPU
		{DCFB08B3-ED46-49EC-8818-7532B1A2121E}.Release|Any CPU.ActiveCfg = Release|Any CPU
		{DCFB08B3-ED46-49EC-8818-7532B1A2121E}.Release|Any CPU.Build.0 = Release|Any CPU
	EndGlobalSection
	GlobalSection(SolutionProperties) = preSolution
		HideSolutionNode = FALSE
	EndGlobalSection
	GlobalSection(NestedProjects) = preSolution
		{8E29E59F-9C2E-40B6-8642-FF46770B522F} = {0D9F2198-CD92-4699-9C3A-E7C21C9DD71F}
		{DCFB08B3-ED46-49EC-8818-7532B1A2121E} = {8D78B27B-6785-4642-8AAE-6E0FF50CA77A}
	EndGlobalSection
	GlobalSection(ExtensibilityGlobals) = postSolution
		SolutionGuid = {3A4ACBDD-3812-4834-8C7D-E926E799F956}
	EndGlobalSection
EndGlobal
